
Microsoft Visual Studio Solution File, Format Version 12.00
# Visual Studio Version 17
VisualStudioVersion = 17.14.36414.22 d17.14
MinimumVisualStudioVersion = 10.0.40219.1
Project("{FAE04EC0-301F-11D3-BF4B-00C04F79EFBC}") = "DistributedEnergySystem", "DistributedEnergySystem\DistributedEnergySystem.csproj", "{1C91ABC0-ACE5-40DD-9BCC-C4BC384ACE89}"
EndProject
Global
	GlobalSection(SolutionConfigurationPlatforms) = preSolution
		Debug|Any CPU = Debug|Any CPU
		Release|Any CPU = Release|Any CPU
	EndGlobalSection
	GlobalSection(ProjectConfigurationPlatforms) = postSolution
		{1C91ABC0-ACE5-40DD-9BCC-C4BC384ACE89}.Debug|Any CPU.ActiveCfg = Debug|Any CPU
		{1C91ABC0-ACE5-40DD-9BCC-C4BC384ACE89}.Debug|Any CPU.Build.0 = Debug|Any CPU
		{1C91ABC0-ACE5-40DD-9BCC-C4BC384ACE89}.Release|Any CPU.ActiveCfg = Release|Any CPU
		{1C91ABC0-ACE5-40DD-9BCC-C4BC384ACE89}.Release|Any CPU.Build.0 = Release|Any CPU
	EndGlobalSection
	GlobalSection(SolutionProperties) = preSolution
		HideSolutionNode = FALSE
	EndGlobalSection
	GlobalSection(ExtensibilityGlobals) = postSolution
		SolutionGuid = {2EE6B015-3DA6-4A4A-8A03-F8BA9B440F32}
	EndGlobalSection
EndGlobal
